# THIS IS AN AUTOGENERATED FILE. DO NOT EDIT THIS FILE DIRECTLY.
# yarn lockfile v1


chroma-js@^1.2.1:
  version "1.2.1"
  resolved "https://registry.yarnpkg.com/chroma-js/-/chroma-js-1.2.1.tgz#83d44f1aa5c7633e2de3d2c143b9089fc22ba987"

d3-path@1, d3-path@^1.0.3:
  version "1.0.3"
  resolved "https://registry.yarnpkg.com/d3-path/-/d3-path-1.0.3.tgz#60103d0dea9a6cd6ca58de86c6d56724002d3fde"

d3-shape@^1.0.4:
  version "1.0.4"
  resolved "https://registry.yarnpkg.com/d3-shape/-/d3-shape-1.0.4.tgz#145ee100ccbec42f8e3f1996cd05c786f79fe1c6"
  dependencies:
    d3-path "1"

textures@^1.0.4:
  version "1.0.4"
  resolved "https://registry.yarnpkg.com/textures/-/textures-1.0.4.tgz#f582bd0103bc8a7eab6ca75552a93246ccd05973"
